// !$*UTF8*$!
{
	archiveVersion = 1;
	classes = {
	};
	objectVersion = 56;
	objects = {

/* Begin PBXBuildFile section */
		815FD3932B6ECC5400CFE6D9 /* ChatView.swift in Sources */ = {isa = PBXBuildFile; fileRef = 815FD3922B6ECC5400CFE6D9 /* ChatView.swift */; };
		818E57D22B6E7D1B000A133E /* NewMessageView.swift in Sources */ = {isa = PBXBuildFile; fileRef = 818E57D12B6E7D1B000A133E /* NewMessageView.swift */; };
		818E57D42B6E861E000A133E /* ProfileView.swift in Sources */ = {isa = PBXBuildFile; fileRef = 818E57D32B6E861E000A133E /* ProfileView.swift */; };
		818E57D92B6E880D000A133E /* SettingsOptionsView.swift in Sources */ = {isa = PBXBuildFile; fileRef = 818E57D82B6E880C000A133E /* SettingsOptionsView.swift */; };
		819A03222B6D88160019E9DC /* ExamMessagerApp.swift in Sources */ = {isa = PBXBuildFile; fileRef = 819A03212B6D88160019E9DC /* ExamMessagerApp.swift */; };
		819A03242B6D88160019E9DC /* ContentView.swift in Sources */ = {isa = PBXBuildFile; fileRef = 819A03232B6D88160019E9DC /* ContentView.swift */; };
		819A03262B6D88180019E9DC /* Assets.xcassets in Resources */ = {isa = PBXBuildFile; fileRef = 819A03252B6D88180019E9DC /* Assets.xcassets */; };
		819A03292B6D88180019E9DC /* Preview Assets.xcassets in Resources */ = {isa = PBXBuildFile; fileRef = 819A03282B6D88180019E9DC /* Preview Assets.xcassets */; };
		819A03382B6D89210019E9DC /* LoginView.swift in Sources */ = {isa = PBXBuildFile; fileRef = 819A03372B6D89210019E9DC /* LoginView.swift */; };
		819A033A2B6D95270019E9DC /* RegistrationView.swift in Sources */ = {isa = PBXBuildFile; fileRef = 819A03392B6D95270019E9DC /* RegistrationView.swift */; };
		819A033D2B6E423E0019E9DC /* InboxView.swift in Sources */ = {isa = PBXBuildFile; fileRef = 819A033C2B6E423E0019E9DC /* InboxView.swift */; };
		819A03402B6E43DF0019E9DC /* ActiveNowView.swift in Sources */ = {isa = PBXBuildFile; fileRef = 819A033F2B6E43DF0019E9DC /* ActiveNowView.swift */; };
		819A03422B6E61890019E9DC /* InboxRowView.swift in Sources */ = {isa = PBXBuildFile; fileRef = 819A03412B6E61890019E9DC /* InboxRowView.swift */; };
		819A03452B6E65C70019E9DC /* FirebaseAnalytics in Frameworks */ = {isa = PBXBuildFile; productRef = 819A03442B6E65C70019E9DC /* FirebaseAnalytics */; };
		819A03472B6E65C70019E9DC /* FirebaseAnalyticsOnDeviceConversion in Frameworks */ = {isa = PBXBuildFile; productRef = 819A03462B6E65C70019E9DC /* FirebaseAnalyticsOnDeviceConversion */; };
		819A03492B6E65C70019E9DC /* FirebaseAnalyticsSwift in Frameworks */ = {isa = PBXBuildFile; productRef = 819A03482B6E65C70019E9DC /* FirebaseAnalyticsSwift */; };
		819A034B2B6E65C70019E9DC /* FirebaseAnalyticsWithoutAdIdSupport in Frameworks */ = {isa = PBXBuildFile; productRef = 819A034A2B6E65C70019E9DC /* FirebaseAnalyticsWithoutAdIdSupport */; };
		819A034D2B6E65C70019E9DC /* FirebaseAppCheck in Frameworks */ = {isa = PBXBuildFile; productRef = 819A034C2B6E65C70019E9DC /* FirebaseAppCheck */; };
		819A034F2B6E65C70019E9DC /* FirebaseAppDistribution-Beta in Frameworks */ = {isa = PBXBuildFile; productRef = 819A034E2B6E65C70019E9DC /* FirebaseAppDistribution-Beta */; };
		819A03512B6E65C70019E9DC /* FirebaseAuth in Frameworks */ = {isa = PBXBuildFile; productRef = 819A03502B6E65C70019E9DC /* FirebaseAuth */; };
		819A03532B6E65C70019E9DC /* FirebaseAuthCombine-Community in Frameworks */ = {isa = PBXBuildFile; productRef = 819A03522B6E65C70019E9DC /* FirebaseAuthCombine-Community */; };
		819A03552B6E65C70019E9DC /* FirebaseCrashlytics in Frameworks */ = {isa = PBXBuildFile; productRef = 819A03542B6E65C70019E9DC /* FirebaseCrashlytics */; };
		819A03572B6E65C70019E9DC /* FirebaseDatabase in Frameworks */ = {isa = PBXBuildFile; productRef = 819A03562B6E65C70019E9DC /* FirebaseDatabase */; };
		819A03592B6E65C70019E9DC /* FirebaseDatabaseSwift in Frameworks */ = {isa = PBXBuildFile; productRef = 819A03582B6E65C70019E9DC /* FirebaseDatabaseSwift */; };
		819A035B2B6E65C70019E9DC /* FirebaseDynamicLinks in Frameworks */ = {isa = PBXBuildFile; productRef = 819A035A2B6E65C70019E9DC /* FirebaseDynamicLinks */; };
		819A035D2B6E65C70019E9DC /* FirebaseFirestore in Frameworks */ = {isa = PBXBuildFile; productRef = 819A035C2B6E65C70019E9DC /* FirebaseFirestore */; };
		819A035F2B6E65C70019E9DC /* FirebaseFirestoreCombine-Community in Frameworks */ = {isa = PBXBuildFile; productRef = 819A035E2B6E65C70019E9DC /* FirebaseFirestoreCombine-Community */; };
		819A03612B6E65C70019E9DC /* FirebaseFirestoreSwift in Frameworks */ = {isa = PBXBuildFile; productRef = 819A03602B6E65C70019E9DC /* FirebaseFirestoreSwift */; };
		819A03632B6E65C70019E9DC /* FirebaseFunctions in Frameworks */ = {isa = PBXBuildFile; productRef = 819A03622B6E65C70019E9DC /* FirebaseFunctions */; };
		819A03652B6E65C70019E9DC /* FirebaseFunctionsCombine-Community in Frameworks */ = {isa = PBXBuildFile; productRef = 819A03642B6E65C70019E9DC /* FirebaseFunctionsCombine-Community */; };
		819A03672B6E65C70019E9DC /* FirebaseInAppMessaging-Beta in Frameworks */ = {isa = PBXBuildFile; productRef = 819A03662B6E65C70019E9DC /* FirebaseInAppMessaging-Beta */; };
		819A03692B6E65C70019E9DC /* FirebaseInAppMessagingSwift-Beta in Frameworks */ = {isa = PBXBuildFile; productRef = 819A03682B6E65C70019E9DC /* FirebaseInAppMessagingSwift-Beta */; };
		819A036B2B6E65C70019E9DC /* FirebaseInstallations in Frameworks */ = {isa = PBXBuildFile; productRef = 819A036A2B6E65C70019E9DC /* FirebaseInstallations */; };
		819A036D2B6E65C70019E9DC /* FirebaseMLModelDownloader in Frameworks */ = {isa = PBXBuildFile; productRef = 819A036C2B6E65C70019E9DC /* FirebaseMLModelDownloader */; };
		819A036F2B6E65C70019E9DC /* FirebaseMessaging in Frameworks */ = {isa = PBXBuildFile; productRef = 819A036E2B6E65C70019E9DC /* FirebaseMessaging */; };
		819A03712B6E65C70019E9DC /* FirebasePerformance in Frameworks */ = {isa = PBXBuildFile; productRef = 819A03702B6E65C70019E9DC /* FirebasePerformance */; };
		819A03732B6E65C70019E9DC /* FirebaseRemoteConfig in Frameworks */ = {isa = PBXBuildFile; productRef = 819A03722B6E65C70019E9DC /* FirebaseRemoteConfig */; };
		819A03752B6E65C70019E9DC /* FirebaseRemoteConfigSwift in Frameworks */ = {isa = PBXBuildFile; productRef = 819A03742B6E65C70019E9DC /* FirebaseRemoteConfigSwift */; };
		819A03772B6E65C70019E9DC /* FirebaseStorage in Frameworks */ = {isa = PBXBuildFile; productRef = 819A03762B6E65C70019E9DC /* FirebaseStorage */; };
		819A03792B6E65C70019E9DC /* FirebaseStorageCombine-Community in Frameworks */ = {isa = PBXBuildFile; productRef = 819A03782B6E65C70019E9DC /* FirebaseStorageCombine-Community */; };
		81BD04072B6EB7D600E3CE2A /* User.swift in Sources */ = {isa = PBXBuildFile; fileRef = 81BD04062B6EB7D600E3CE2A /* User.swift */; };
		81BD040A2B6EBCE100E3CE2A /* CircularProfileImageView.swift in Sources */ = {isa = PBXBuildFile; fileRef = 81BD04092B6EBCE100E3CE2A /* CircularProfileImageView.swift */; };
		81D97DFD2B6EB4C200BD336F /* ProfileViewModel.swift in Sources */ = {isa = PBXBuildFile; fileRef = 81D97DFC2B6EB4C100BD336F /* ProfileViewModel.swift */; };
		81F77A612B6EEB75009412AD /* ChatMessageView.swift in Sources */ = {isa = PBXBuildFile; fileRef = 81F77A602B6EEB75009412AD /* ChatMessageView.swift */; };
		81F77A632B6EEFB6009412AD /* ChatBubble.swift in Sources */ = {isa = PBXBuildFile; fileRef = 81F77A622B6EEFB6009412AD /* ChatBubble.swift */; };
		81F77A652B6EF41E009412AD /* GoogleService-Info.plist in Resources */ = {isa = PBXBuildFile; fileRef = 81F77A642B6EF41E009412AD /* GoogleService-Info.plist */; };
		81F77A682B6EF54E009412AD /* LoginViewModel.swift in Sources */ = {isa = PBXBuildFile; fileRef = 81F77A672B6EF54E009412AD /* LoginViewModel.swift */; };
		81F77A6A2B6EF578009412AD /* RegistraationViewModel.swift in Sources */ = {isa = PBXBuildFile; fileRef = 81F77A692B6EF578009412AD /* RegistraationViewModel.swift */; };
		81F77A6D2B6EF5C1009412AD /* AuthSevice.swift in Sources */ = {isa = PBXBuildFile; fileRef = 81F77A6C2B6EF5C1009412AD /* AuthSevice.swift */; };
/* End PBXBuildFile section */

/* Begin PBXFileReference section */
		815FD3922B6ECC5400CFE6D9 /* ChatView.swift */ = {isa = PBXFileReference; lastKnownFileType = sourcecode.swift; path = ChatView.swift; sourceTree = "<group>"; };
		818E57D12B6E7D1B000A133E /* NewMessageView.swift */ = {isa = PBXFileReference; lastKnownFileType = sourcecode.swift; path = NewMessageView.swift; sourceTree = "<group>"; };
		818E57D32B6E861E000A133E /* ProfileView.swift */ = {isa = PBXFileReference; lastKnownFileType = sourcecode.swift; path = ProfileView.swift; sourceTree = "<group>"; };
		818E57D82B6E880C000A133E /* SettingsOptionsView.swift */ = {isa = PBXFileReference; lastKnownFileType = sourcecode.swift; path = SettingsOptionsView.swift; sourceTree = "<group>"; };
		819A031E2B6D88160019E9DC /* ExamMessager.app */ = {isa = PBXFileReference; explicitFileType = wrapper.application; includeInIndex = 0; path = ExamMessager.app; sourceTree = BUILT_PRODUCTS_DIR; };
		819A03212B6D88160019E9DC /* ExamMessagerApp.swift */ = {isa = PBXFileReference; lastKnownFileType = sourcecode.swift; path = ExamMessagerApp.swift; sourceTree = "<group>"; };
		819A03232B6D88160019E9DC /* ContentView.swift */ = {isa = PBXFileReference; lastKnownFileType = sourcecode.swift; path = ContentView.swift; sourceTree = "<group>"; };
		819A03252B6D88180019E9DC /* Assets.xcassets */ = {isa = PBXFileReference; lastKnownFileType = folder.assetcatalog; path = Assets.xcassets; sourceTree = "<group>"; };
		819A03282B6D88180019E9DC /* Preview Assets.xcassets */ = {isa = PBXFileReference; lastKnownFileType = folder.assetcatalog; path = "Preview Assets.xcassets"; sourceTree = "<group>"; };
		819A03372B6D89210019E9DC /* LoginView.swift */ = {isa = PBXFileReference; lastKnownFileType = sourcecode.swift; path = LoginView.swift; sourceTree = "<group>"; };
		819A03392B6D95270019E9DC /* RegistrationView.swift */ = {isa = PBXFileReference; lastKnownFileType = sourcecode.swift; path = RegistrationView.swift; sourceTree = "<group>"; };
		819A033C2B6E423E0019E9DC /* InboxView.swift */ = {isa = PBXFileReference; lastKnownFileType = sourcecode.swift; path = InboxView.swift; sourceTree = "<group>"; };
		819A033F2B6E43DF0019E9DC /* ActiveNowView.swift */ = {isa = PBXFileReference; lastKnownFileType = sourcecode.swift; path = ActiveNowView.swift; sourceTree = "<group>"; };
		819A03412B6E61890019E9DC /* InboxRowView.swift */ = {isa = PBXFileReference; lastKnownFileType = sourcecode.swift; path = InboxRowView.swift; sourceTree = "<group>"; };
		81BD04062B6EB7D600E3CE2A /* User.swift */ = {isa = PBXFileReference; lastKnownFileType = sourcecode.swift; path = User.swift; sourceTree = "<group>"; };
		81BD04092B6EBCE100E3CE2A /* CircularProfileImageView.swift */ = {isa = PBXFileReference; lastKnownFileType = sourcecode.swift; path = CircularProfileImageView.swift; sourceTree = "<group>"; };
		81D97DFC2B6EB4C100BD336F /* ProfileViewModel.swift */ = {isa = PBXFileReference; lastKnownFileType = sourcecode.swift; path = ProfileViewModel.swift; sourceTree = "<group>"; };
		81F77A602B6EEB75009412AD /* ChatMessageView.swift */ = {isa = PBXFileReference; lastKnownFileType = sourcecode.swift; path = ChatMessageView.swift; sourceTree = "<group>"; };
		81F77A622B6EEFB6009412AD /* ChatBubble.swift */ = {isa = PBXFileReference; lastKnownFileType = sourcecode.swift; path = ChatBubble.swift; sourceTree = "<group>"; };
		81F77A642B6EF41E009412AD /* GoogleService-Info.plist */ = {isa = PBXFileReference; fileEncoding = 4; lastKnownFileType = text.plist.xml; path = "GoogleService-Info.plist"; sourceTree = "<group>"; };
		81F77A672B6EF54E009412AD /* LoginViewModel.swift */ = {isa = PBXFileReference; lastKnownFileType = sourcecode.swift; name = LoginViewModel.swift; path = ../../../../../../../../../Downloads/LoginViewModel.swift; sourceTree = "<group>"; };
		81F77A692B6EF578009412AD /* RegistraationViewModel.swift */ = {isa = PBXFileReference; lastKnownFileType = sourcecode.swift; path = RegistraationViewModel.swift; sourceTree = "<group>"; };
		81F77A6C2B6EF5C1009412AD /* AuthSevice.swift */ = {isa = PBXFileReference; lastKnownFileType = sourcecode.swift; path = AuthSevice.swift; sourceTree = "<group>"; };
/* End PBXFileReference section */

/* Begin PBXFrameworksBuildPhase section */
		819A031B2B6D88160019E9DC /* Frameworks */ = {
			isa = PBXFrameworksBuildPhase;
			buildActionMask = 2147483647;
			files = (
				819A03572B6E65C70019E9DC /* FirebaseDatabase in Frameworks */,
				819A03652B6E65C70019E9DC /* FirebaseFunctionsCombine-Community in Frameworks */,
				819A035D2B6E65C70019E9DC /* FirebaseFirestore in Frameworks */,
				819A03492B6E65C70019E9DC /* FirebaseAnalyticsSwift in Frameworks */,
				819A03452B6E65C70019E9DC /* FirebaseAnalytics in Frameworks */,
				819A03472B6E65C70019E9DC /* FirebaseAnalyticsOnDeviceConversion in Frameworks */,
				819A036D2B6E65C70019E9DC /* FirebaseMLModelDownloader in Frameworks */,
				819A03612B6E65C70019E9DC /* FirebaseFirestoreSwift in Frameworks */,
				819A034D2B6E65C70019E9DC /* FirebaseAppCheck in Frameworks */,
				819A034B2B6E65C70019E9DC /* FirebaseAnalyticsWithoutAdIdSupport in Frameworks */,
				819A03512B6E65C70019E9DC /* FirebaseAuth in Frameworks */,
				819A03552B6E65C70019E9DC /* FirebaseCrashlytics in Frameworks */,
				819A03752B6E65C70019E9DC /* FirebaseRemoteConfigSwift in Frameworks */,
				819A03672B6E65C70019E9DC /* FirebaseInAppMessaging-Beta in Frameworks */,
				819A03592B6E65C70019E9DC /* FirebaseDatabaseSwift in Frameworks */,
				819A03632B6E65C70019E9DC /* FirebaseFunctions in Frameworks */,
				819A03792B6E65C70019E9DC /* FirebaseStorageCombine-Community in Frameworks */,
				819A03732B6E65C70019E9DC /* FirebaseRemoteConfig in Frameworks */,
				819A034F2B6E65C70019E9DC /* FirebaseAppDistribution-Beta in Frameworks */,
				819A03532B6E65C70019E9DC /* FirebaseAuthCombine-Community in Frameworks */,
				819A03712B6E65C70019E9DC /* FirebasePerformance in Frameworks */,
				819A03692B6E65C70019E9DC /* FirebaseInAppMessagingSwift-Beta in Frameworks */,
				819A03772B6E65C70019E9DC /* FirebaseStorage in Frameworks */,
				819A035B2B6E65C70019E9DC /* FirebaseDynamicLinks in Frameworks */,
				819A035F2B6E65C70019E9DC /* FirebaseFirestoreCombine-Community in Frameworks */,
				819A036F2B6E65C70019E9DC /* FirebaseMessaging in Frameworks */,
				819A036B2B6E65C70019E9DC /* FirebaseInstallations in Frameworks */,
			);
			runOnlyForDeploymentPostprocessing = 0;
		};
/* End PBXFrameworksBuildPhase section */

/* Begin PBXGroup section */
		815FD3912B6ECC4A00CFE6D9 /* Chat */ = {
			isa = PBXGroup;
			children = (
				815FD3922B6ECC5400CFE6D9 /* ChatView.swift */,
				81F77A602B6EEB75009412AD /* ChatMessageView.swift */,
				81F77A622B6EEFB6009412AD /* ChatBubble.swift */,
			);
			path = Chat;
			sourceTree = "<group>";
		};
		818E57D02B6E7CEB000A133E /* New Message */ = {
			isa = PBXGroup;
			children = (
				818E57D12B6E7D1B000A133E /* NewMessageView.swift */,
			);
			path = "New Message";
			sourceTree = "<group>";
		};
		818E57D52B6E862A000A133E /* Profile */ = {
			isa = PBXGroup;
			children = (
				818E57D72B6E8647000A133E /* View */,
				818E57D62B6E8640000A133E /* ViewModel */,
			);
			path = Profile;
			sourceTree = "<group>";
		};
		818E57D62B6E8640000A133E /* ViewModel */ = {
			isa = PBXGroup;
			children = (
				818E57D82B6E880C000A133E /* SettingsOptionsView.swift */,
				81D97DFC2B6EB4C100BD336F /* ProfileViewModel.swift */,
			);
			path = ViewModel;
			sourceTree = "<group>";
		};
		818E57D72B6E8647000A133E /* View */ = {
			isa = PBXGroup;
			children = (
				818E57D32B6E861E000A133E /* ProfileView.swift */,
			);
			path = View;
			sourceTree = "<group>";
		};
		819A03152B6D88160019E9DC = {
			isa = PBXGroup;
			children = (
				819A03202B6D88160019E9DC /* ExamMessager */,
				819A031F2B6D88160019E9DC /* Products */,
			);
			sourceTree = "<group>";
		};
		819A031F2B6D88160019E9DC /* Products */ = {
			isa = PBXGroup;
			children = (
				819A031E2B6D88160019E9DC /* ExamMessager.app */,
			);
			name = Products;
			sourceTree = "<group>";
		};
		819A03202B6D88160019E9DC /* ExamMessager */ = {
			isa = PBXGroup;
			children = (
				81F77A642B6EF41E009412AD /* GoogleService-Info.plist */,
				819A03332B6D887B0019E9DC /* App */,
				819A032F2B6D88680019E9DC /* Extensions */,
				819A03322B6D88740019E9DC /* Core */,
				819A03312B6D88720019E9DC /* Model */,
				819A03302B6D88700019E9DC /* Service */,
				819A03252B6D88180019E9DC /* Assets.xcassets */,
				819A03272B6D88180019E9DC /* Preview Content */,
			);
			path = ExamMessager;
			sourceTree = "<group>";
		};
		819A03272B6D88180019E9DC /* Preview Content */ = {
			isa = PBXGroup;
			children = (
				819A03282B6D88180019E9DC /* Preview Assets.xcassets */,
			);
			path = "Preview Content";
			sourceTree = "<group>";
		};
		819A032F2B6D88680019E9DC /* Extensions */ = {
			isa = PBXGroup;
			children = (
			);
			path = Extensions;
			sourceTree = "<group>";
		};
		819A03302B6D88700019E9DC /* Service */ = {
			isa = PBXGroup;
			children = (
			);
			path = Service;
			sourceTree = "<group>";
		};
		819A03312B6D88720019E9DC /* Model */ = {
			isa = PBXGroup;
			children = (
				81BD04062B6EB7D600E3CE2A /* User.swift */,
			);
			path = Model;
			sourceTree = "<group>";
		};
		819A03322B6D88740019E9DC /* Core */ = {
			isa = PBXGroup;
			children = (
				815FD3912B6ECC4A00CFE6D9 /* Chat */,
				819A033E2B6E43A50019E9DC /* ActiveNow */,
				819A03342B6D88DA0019E9DC /* Authentication */,
				81BD04082B6EBCA400E3CE2A /* Components */,
				819A033B2B6E421D0019E9DC /* Inbox */,
				818E57D02B6E7CEB000A133E /* New Message */,
				818E57D52B6E862A000A133E /* Profile */,
				819A03352B6D88EC0019E9DC /* Root */,
			);
			path = Core;
			sourceTree = "<group>";
		};
		819A03332B6D887B0019E9DC /* App */ = {
			isa = PBXGroup;
			children = (
				819A03212B6D88160019E9DC /* ExamMessagerApp.swift */,
			);
			path = App;
			sourceTree = "<group>";
		};
		819A03342B6D88DA0019E9DC /* Authentication */ = {
			isa = PBXGroup;
			children = (
				81F77A6B2B6EF5AE009412AD /* Service */,
				81F77A662B6EF531009412AD /* ViewModel */,
				819A03362B6D890F0019E9DC /* View */,
			);
			path = Authentication;
			sourceTree = "<group>";
		};
		819A03352B6D88EC0019E9DC /* Root */ = {
			isa = PBXGroup;
			children = (
				819A03232B6D88160019E9DC /* ContentView.swift */,
			);
			path = Root;
			sourceTree = "<group>";
		};
		819A03362B6D890F0019E9DC /* View */ = {
			isa = PBXGroup;
			children = (
				819A03372B6D89210019E9DC /* LoginView.swift */,
				819A03392B6D95270019E9DC /* RegistrationView.swift */,
			);
			path = View;
			sourceTree = "<group>";
		};
		819A033B2B6E421D0019E9DC /* Inbox */ = {
			isa = PBXGroup;
			children = (
				819A033C2B6E423E0019E9DC /* InboxView.swift */,
				819A03412B6E61890019E9DC /* InboxRowView.swift */,
			);
			path = Inbox;
			sourceTree = "<group>";
		};
		819A033E2B6E43A50019E9DC /* ActiveNow */ = {
			isa = PBXGroup;
			children = (
				819A033F2B6E43DF0019E9DC /* ActiveNowView.swift */,
			);
			path = ActiveNow;
			sourceTree = "<group>";
		};
		81BD04082B6EBCA400E3CE2A /* Components */ = {
			isa = PBXGroup;
			children = (
				81BD04092B6EBCE100E3CE2A /* CircularProfileImageView.swift */,
			);
			path = Components;
			sourceTree = "<group>";
		};
		81F77A662B6EF531009412AD /* ViewModel */ = {
			isa = PBXGroup;
			children = (
				81F77A672B6EF54E009412AD /* LoginViewModel.swift */,
				81F77A692B6EF578009412AD /* RegistraationViewModel.swift */,
			);
			path = ViewModel;
			sourceTree = "<group>";
		};
		81F77A6B2B6EF5AE009412AD /* Service */ = {
			isa = PBXGroup;
			children = (
				81F77A6C2B6EF5C1009412AD /* AuthSevice.swift */,
			);
			path = Service;
			sourceTree = "<group>";
		};
/* End PBXGroup section */

/* Begin PBXNativeTarget section */
		819A031D2B6D88160019E9DC /* ExamMessager */ = {
			isa = PBXNativeTarget;
			buildConfigurationList = 819A032C2B6D88180019E9DC /* Build configuration list for PBXNativeTarget "ExamMessager" */;
			buildPhases = (
				819A031A2B6D88160019E9DC /* Sources */,
				819A031B2B6D88160019E9DC /* Frameworks */,
				819A031C2B6D88160019E9DC /* Resources */,
			);
			buildRules = (
			);
			dependencies = (
			);
			name = ExamMessager;
			packageProductDependencies = (
				819A03442B6E65C70019E9DC /* FirebaseAnalytics */,
				819A03462B6E65C70019E9DC /* FirebaseAnalyticsOnDeviceConversion */,
				819A03482B6E65C70019E9DC /* FirebaseAnalyticsSwift */,
				819A034A2B6E65C70019E9DC /* FirebaseAnalyticsWithoutAdIdSupport */,
				819A034C2B6E65C70019E9DC /* FirebaseAppCheck */,
				819A034E2B6E65C70019E9DC /* FirebaseAppDistribution-Beta */,
				819A03502B6E65C70019E9DC /* FirebaseAuth */,
				819A03522B6E65C70019E9DC /* FirebaseAuthCombine-Community */,
				819A03542B6E65C70019E9DC /* FirebaseCrashlytics */,
				819A03562B6E65C70019E9DC /* FirebaseDatabase */,
				819A03582B6E65C70019E9DC /* FirebaseDatabaseSwift */,
				819A035A2B6E65C70019E9DC /* FirebaseDynamicLinks */,
				819A035C2B6E65C70019E9DC /* FirebaseFirestore */,
				819A035E2B6E65C70019E9DC /* FirebaseFirestoreCombine-Community */,
				819A03602B6E65C70019E9DC /* FirebaseFirestoreSwift */,
				819A03622B6E65C70019E9DC /* FirebaseFunctions */,
				819A03642B6E65C70019E9DC /* FirebaseFunctionsCombine-Community */,
				819A03662B6E65C70019E9DC /* FirebaseInAppMessaging-Beta */,
				819A03682B6E65C70019E9DC /* FirebaseInAppMessagingSwift-Beta */,
				819A036A2B6E65C70019E9DC /* FirebaseInstallations */,
				819A036C2B6E65C70019E9DC /* FirebaseMLModelDownloader */,
				819A036E2B6E65C70019E9DC /* FirebaseMessaging */,
				819A03702B6E65C70019E9DC /* FirebasePerformance */,
				819A03722B6E65C70019E9DC /* FirebaseRemoteConfig */,
				819A03742B6E65C70019E9DC /* FirebaseRemoteConfigSwift */,
				819A03762B6E65C70019E9DC /* FirebaseStorage */,
				819A03782B6E65C70019E9DC /* FirebaseStorageCombine-Community */,
			);
			productName = ExamMessager;
			productReference = 819A031E2B6D88160019E9DC /* ExamMessager.app */;
			productType = "com.apple.product-type.application";
		};
/* End PBXNativeTarget section */

/* Begin PBXProject section */
		819A03162B6D88160019E9DC /* Project object */ = {
			isa = PBXProject;
			attributes = {
				BuildIndependentTargetsInParallel = 1;
				LastSwiftUpdateCheck = 1520;
				LastUpgradeCheck = 1520;
				TargetAttributes = {
					819A031D2B6D88160019E9DC = {
						CreatedOnToolsVersion = 15.2;
					};
				};
			};
			buildConfigurationList = 819A03192B6D88160019E9DC /* Build configuration list for PBXProject "ExamMessager" */;
			compatibilityVersion = "Xcode 14.0";
			developmentRegion = en;
			hasScannedForEncodings = 0;
			knownRegions = (
				en,
				Base,
			);
			mainGroup = 819A03152B6D88160019E9DC;
			packageReferences = (
				819A03432B6E65C70019E9DC /* XCRemoteSwiftPackageReference "firebase-ios-sdk" */,
			);
			productRefGroup = 819A031F2B6D88160019E9DC /* Products */;
			projectDirPath = "";
			projectRoot = "";
			targets = (
				819A031D2B6D88160019E9DC /* ExamMessager */,
			);
		};
/* End PBXProject section */

/* Begin PBXResourcesBuildPhase section */
		819A031C2B6D88160019E9DC /* Resources */ = {
			isa = PBXResourcesBuildPhase;
			buildActionMask = 2147483647;
			files = (
				819A03292B6D88180019E9DC /* Preview Assets.xcassets in Resources */,
				81F77A652B6EF41E009412AD /* GoogleService-Info.plist in Resources */,
				819A03262B6D88180019E9DC /* Assets.xcassets in Resources */,
			);
			runOnlyForDeploymentPostprocessing = 0;
		};
/* End PBXResourcesBuildPhase section */

/* Begin PBXSourcesBuildPhase section */
		819A031A2B6D88160019E9DC /* Sources */ = {
			isa = PBXSourcesBuildPhase;
			buildActionMask = 2147483647;
			files = (
				81F77A612B6EEB75009412AD /* ChatMessageView.swift in Sources */,
				819A03422B6E61890019E9DC /* InboxRowView.swift in Sources */,
				818E57D22B6E7D1B000A133E /* NewMessageView.swift in Sources */,
				819A03382B6D89210019E9DC /* LoginView.swift in Sources */,
				819A03242B6D88160019E9DC /* ContentView.swift in Sources */,
				815FD3932B6ECC5400CFE6D9 /* ChatView.swift in Sources */,
				819A033D2B6E423E0019E9DC /* InboxView.swift in Sources */,
				81F77A632B6EEFB6009412AD /* ChatBubble.swift in Sources */,
				81BD040A2B6EBCE100E3CE2A /* CircularProfileImageView.swift in Sources */,
				819A03402B6E43DF0019E9DC /* ActiveNowView.swift in Sources */,
				81F77A682B6EF54E009412AD /* LoginViewModel.swift in Sources */,
				81F77A6A2B6EF578009412AD /* RegistraationViewModel.swift in Sources */,
				81F77A6D2B6EF5C1009412AD /* AuthSevice.swift in Sources */,
				819A03222B6D88160019E9DC /* ExamMessagerApp.swift in Sources */,
				81D97DFD2B6EB4C200BD336F /* ProfileViewModel.swift in Sources */,
				81BD04072B6EB7D600E3CE2A /* User.swift in Sources */,
				818E57D42B6E861E000A133E /* ProfileView.swift in Sources */,
				818E57D92B6E880D000A133E /* SettingsOptionsView.swift in Sources */,
				819A033A2B6D95270019E9DC /* RegistrationView.swift in Sources */,
			);
			runOnlyForDeploymentPostprocessing = 0;
		};
/* End PBXSourcesBuildPhase section */

/* Begin XCBuildConfiguration section */
		819A032A2B6D88180019E9DC /* Debug */ = {
			isa = XCBuildConfiguration;
			buildSettings = {
				ALWAYS_SEARCH_USER_PATHS = NO;
				ASSETCATALOG_COMPILER_GENERATE_SWIFT_ASSET_SYMBOL_EXTENSIONS = YES;
				CLANG_ANALYZER_NONNULL = YES;
				CLANG_ANALYZER_NUMBER_OBJECT_CONVERSION = YES_AGGRESSIVE;
				CLANG_CXX_LANGUAGE_STANDARD = "gnu++20";
				CLANG_ENABLE_MODULES = YES;
				CLANG_ENABLE_OBJC_ARC = YES;
				CLANG_ENABLE_OBJC_WEAK = YES;
				CLANG_WARN_BLOCK_CAPTURE_AUTORELEASING = YES;
				CLANG_WARN_BOOL_CONVERSION = YES;
				CLANG_WARN_COMMA = YES;
				CLANG_WARN_CONSTANT_CONVERSION = YES;
				CLANG_WARN_DEPRECATED_OBJC_IMPLEMENTATIONS = YES;
				CLANG_WARN_DIRECT_OBJC_ISA_USAGE = YES_ERROR;
				CLANG_WARN_DOCUMENTATION_COMMENTS = YES;
				CLANG_WARN_EMPTY_BODY = YES;
				CLANG_WARN_ENUM_CONVERSION = YES;
				CLANG_WARN_INFINITE_RECURSION = YES;
				CLANG_WARN_INT_CONVERSION = YES;
				CLANG_WARN_NON_LITERAL_NULL_CONVERSION = YES;
				CLANG_WARN_OBJC_IMPLICIT_RETAIN_SELF = YES;
				CLANG_WARN_OBJC_LITERAL_CONVERSION = YES;
				CLANG_WARN_OBJC_ROOT_CLASS = YES_ERROR;
				CLANG_WARN_QUOTED_INCLUDE_IN_FRAMEWORK_HEADER = YES;
				CLANG_WARN_RANGE_LOOP_ANALYSIS = YES;
				CLANG_WARN_STRICT_PROTOTYPES = YES;
				CLANG_WARN_SUSPICIOUS_MOVE = YES;
				CLANG_WARN_UNGUARDED_AVAILABILITY = YES_AGGRESSIVE;
				CLANG_WARN_UNREACHABLE_CODE = YES;
				CLANG_WARN__DUPLICATE_METHOD_MATCH = YES;
				COPY_PHASE_STRIP = NO;
				DEBUG_INFORMATION_FORMAT = dwarf;
				ENABLE_STRICT_OBJC_MSGSEND = YES;
				ENABLE_TESTABILITY = YES;
				ENABLE_USER_SCRIPT_SANDBOXING = YES;
				GCC_C_LANGUAGE_STANDARD = gnu17;
				GCC_DYNAMIC_NO_PIC = NO;
				GCC_NO_COMMON_BLOCKS = YES;
				GCC_OPTIMIZATION_LEVEL = 0;
				GCC_PREPROCESSOR_DEFINITIONS = (
					"DEBUG=1",
					"$(inherited)",
				);
				GCC_WARN_64_TO_32_BIT_CONVERSION = YES;
				GCC_WARN_ABOUT_RETURN_TYPE = YES_ERROR;
				GCC_WARN_UNDECLARED_SELECTOR = YES;
				GCC_WARN_UNINITIALIZED_AUTOS = YES_AGGRESSIVE;
				GCC_WARN_UNUSED_FUNCTION = YES;
				GCC_WARN_UNUSED_VARIABLE = YES;
				IPHONEOS_DEPLOYMENT_TARGET = 17.2;
				LOCALIZATION_PREFERS_STRING_CATALOGS = YES;
				MTL_ENABLE_DEBUG_INFO = INCLUDE_SOURCE;
				MTL_FAST_MATH = YES;
				ONLY_ACTIVE_ARCH = YES;
				SDKROOT = iphoneos;
				SWIFT_ACTIVE_COMPILATION_CONDITIONS = "DEBUG $(inherited)";
				SWIFT_OPTIMIZATION_LEVEL = "-Onone";
			};
			name = Debug;
		};
		819A032B2B6D88180019E9DC /* Release */ = {
			isa = XCBuildConfiguration;
			buildSettings = {
				ALWAYS_SEARCH_USER_PATHS = NO;
				ASSETCATALOG_COMPILER_GENERATE_SWIFT_ASSET_SYMBOL_EXTENSIONS = YES;
				CLANG_ANALYZER_NONNULL = YES;
				CLANG_ANALYZER_NUMBER_OBJECT_CONVERSION = YES_AGGRESSIVE;
				CLANG_CXX_LANGUAGE_STANDARD = "gnu++20";
				CLANG_ENABLE_MODULES = YES;
				CLANG_ENABLE_OBJC_ARC = YES;
				CLANG_ENABLE_OBJC_WEAK = YES;
				CLANG_WARN_BLOCK_CAPTURE_AUTORELEASING = YES;
				CLANG_WARN_BOOL_CONVERSION = YES;
				CLANG_WARN_COMMA = YES;
				CLANG_WARN_CONSTANT_CONVERSION = YES;
				CLANG_WARN_DEPRECATED_OBJC_IMPLEMENTATIONS = YES;
				CLANG_WARN_DIRECT_OBJC_ISA_USAGE = YES_ERROR;
				CLANG_WARN_DOCUMENTATION_COMMENTS = YES;
				CLANG_WARN_EMPTY_BODY = YES;
				CLANG_WARN_ENUM_CONVERSION = YES;
				CLANG_WARN_INFINITE_RECURSION = YES;
				CLANG_WARN_INT_CONVERSION = YES;
				CLANG_WARN_NON_LITERAL_NULL_CONVERSION = YES;
				CLANG_WARN_OBJC_IMPLICIT_RETAIN_SELF = YES;
				CLANG_WARN_OBJC_LITERAL_CONVERSION = YES;
				CLANG_WARN_OBJC_ROOT_CLASS = YES_ERROR;
				CLANG_WARN_QUOTED_INCLUDE_IN_FRAMEWORK_HEADER = YES;
				CLANG_WARN_RANGE_LOOP_ANALYSIS = YES;
				CLANG_WARN_STRICT_PROTOTYPES = YES;
				CLANG_WARN_SUSPICIOUS_MOVE = YES;
				CLANG_WARN_UNGUARDED_AVAILABILITY = YES_AGGRESSIVE;
				CLANG_WARN_UNREACHABLE_CODE = YES;
				CLANG_WARN__DUPLICATE_METHOD_MATCH = YES;
				COPY_PHASE_STRIP = NO;
				DEBUG_INFORMATION_FORMAT = "dwarf-with-dsym";
				ENABLE_NS_ASSERTIONS = NO;
				ENABLE_STRICT_OBJC_MSGSEND = YES;
				ENABLE_USER_SCRIPT_SANDBOXING = YES;
				GCC_C_LANGUAGE_STANDARD = gnu17;
				GCC_NO_COMMON_BLOCKS = YES;
				GCC_WARN_64_TO_32_BIT_CONVERSION = YES;
				GCC_WARN_ABOUT_RETURN_TYPE = YES_ERROR;
				GCC_WARN_UNDECLARED_SELECTOR = YES;
				GCC_WARN_UNINITIALIZED_AUTOS = YES_AGGRESSIVE;
				GCC_WARN_UNUSED_FUNCTION = YES;
				GCC_WARN_UNUSED_VARIABLE = YES;
				IPHONEOS_DEPLOYMENT_TARGET = 17.2;
				LOCALIZATION_PREFERS_STRING_CATALOGS = YES;
				MTL_ENABLE_DEBUG_INFO = NO;
				MTL_FAST_MATH = YES;
				SDKROOT = iphoneos;
				SWIFT_COMPILATION_MODE = wholemodule;
				VALIDATE_PRODUCT = YES;
			};
			name = Release;
		};
		819A032D2B6D88180019E9DC /* Debug */ = {
			isa = XCBuildConfiguration;
			buildSettings = {
				ASSETCATALOG_COMPILER_APPICON_NAME = AppIcon;
				ASSETCATALOG_COMPILER_GLOBAL_ACCENT_COLOR_NAME = AccentColor;
				CODE_SIGN_STYLE = Automatic;
				CURRENT_PROJECT_VERSION = 1;
				DEVELOPMENT_ASSET_PATHS = "\"ExamMessager/Preview Content\"";
				DEVELOPMENT_TEAM = 8UJ348LDS3;
				ENABLE_PREVIEWS = YES;
				GENERATE_INFOPLIST_FILE = YES;
				INFOPLIST_KEY_UIApplicationSceneManifest_Generation = YES;
				INFOPLIST_KEY_UIApplicationSupportsIndirectInputEvents = YES;
				INFOPLIST_KEY_UILaunchScreen_Generation = YES;
				INFOPLIST_KEY_UISupportedInterfaceOrientations_iPad = "UIInterfaceOrientationPortrait UIInterfaceOrientationPortraitUpsideDown UIInterfaceOrientationLandscapeLeft UIInterfaceOrientationLandscapeRight";
				INFOPLIST_KEY_UISupportedInterfaceOrientations_iPhone = "UIInterfaceOrientationPortrait UIInterfaceOrientationLandscapeLeft UIInterfaceOrientationLandscapeRight";
				IPHONEOS_DEPLOYMENT_TARGET = 16.0;
				LD_RUNPATH_SEARCH_PATHS = (
					"$(inherited)",
					"@executable_path/Frameworks",
				);
				MARKETING_VERSION = 1.0;
				PRODUCT_BUNDLE_IDENTIFIER = "Aperture-X.com.ExamMessager";
				PRODUCT_NAME = "$(TARGET_NAME)";
				SWIFT_EMIT_LOC_STRINGS = YES;
				SWIFT_VERSION = 5.0;
				TARGETED_DEVICE_FAMILY = "1,2";
			};
			name = Debug;
		};
		819A032E2B6D88180019E9DC /* Release */ = {
			isa = XCBuildConfiguration;
			buildSettings = {
				ASSETCATALOG_COMPILER_APPICON_NAME = AppIcon;
				ASSETCATALOG_COMPILER_GLOBAL_ACCENT_COLOR_NAME = AccentColor;
				CODE_SIGN_STYLE = Automatic;
				CURRENT_PROJECT_VERSION = 1;
				DEVELOPMENT_ASSET_PATHS = "\"ExamMessager/Preview Content\"";
				DEVELOPMENT_TEAM = 8UJ348LDS3;
				ENABLE_PREVIEWS = YES;
				GENERATE_INFOPLIST_FILE = YES;
				INFOPLIST_KEY_UIApplicationSceneManifest_Generation = YES;
				INFOPLIST_KEY_UIApplicationSupportsIndirectInputEvents = YES;
				INFOPLIST_KEY_UILaunchScreen_Generation = YES;
				INFOPLIST_KEY_UISupportedInterfaceOrientations_iPad = "UIInterfaceOrientationPortrait UIInterfaceOrientationPortraitUpsideDown UIInterfaceOrientationLandscapeLeft UIInterfaceOrientationLandscapeRight";
				INFOPLIST_KEY_UISupportedInterfaceOrientations_iPhone = "UIInterfaceOrientationPortrait UIInterfaceOrientationLandscapeLeft UIInterfaceOrientationLandscapeRight";
				IPHONEOS_DEPLOYMENT_TARGET = 16.0;
				LD_RUNPATH_SEARCH_PATHS = (
					"$(inherited)",
					"@executable_path/Frameworks",
				);
				MARKETING_VERSION = 1.0;
				PRODUCT_BUNDLE_IDENTIFIER = "Aperture-X.com.ExamMessager";
				PRODUCT_NAME = "$(TARGET_NAME)";
				SWIFT_EMIT_LOC_STRINGS = YES;
				SWIFT_VERSION = 5.0;
				TARGETED_DEVICE_FAMILY = "1,2";
			};
			name = Release;
		};
/* End XCBuildConfiguration section */

/* Begin XCConfigurationList section */
		819A03192B6D88160019E9DC /* Build configuration list for PBXProject "ExamMessager" */ = {
			isa = XCConfigurationList;
			buildConfigurations = (
				819A032A2B6D88180019E9DC /* Debug */,
				819A032B2B6D88180019E9DC /* Release */,
			);
			defaultConfigurationIsVisible = 0;
			defaultConfigurationName = Release;
		};
		819A032C2B6D88180019E9DC /* Build configuration list for PBXNativeTarget "ExamMessager" */ = {
			isa = XCConfigurationList;
			buildConfigurations = (
				819A032D2B6D88180019E9DC /* Debug */,
				819A032E2B6D88180019E9DC /* Release */,
			);
			defaultConfigurationIsVisible = 0;
			defaultConfigurationName = Release;
		};
/* End XCConfigurationList section */

/* Begin XCRemoteSwiftPackageReference section */
		819A03432B6E65C70019E9DC /* XCRemoteSwiftPackageReference "firebase-ios-sdk" */ = {
			isa = XCRemoteSwiftPackageReference;
			repositoryURL = "https://github.com/firebase/firebase-ios-sdk";
			requirement = {
				kind = upToNextMajorVersion;
				minimumVersion = 10.20.0;
			};
		};
/* End XCRemoteSwiftPackageReference section */

/* Begin XCSwiftPackageProductDependency section */
		819A03442B6E65C70019E9DC /* FirebaseAnalytics */ = {
			isa = XCSwiftPackageProductDependency;
			package = 819A03432B6E65C70019E9DC /* XCRemoteSwiftPackageReference "firebase-ios-sdk" */;
			productName = FirebaseAnalytics;
		};
		819A03462B6E65C70019E9DC /* FirebaseAnalyticsOnDeviceConversion */ = {
			isa = XCSwiftPackageProductDependency;
			package = 819A03432B6E65C70019E9DC /* XCRemoteSwiftPackageReference "firebase-ios-sdk" */;
			productName = FirebaseAnalyticsOnDeviceConversion;
		};
		819A03482B6E65C70019E9DC /* FirebaseAnalyticsSwift */ = {
			isa = XCSwiftPackageProductDependency;
			package = 819A03432B6E65C70019E9DC /* XCRemoteSwiftPackageReference "firebase-ios-sdk" */;
			productName = FirebaseAnalyticsSwift;
		};
		819A034A2B6E65C70019E9DC /* FirebaseAnalyticsWithoutAdIdSupport */ = {
			isa = XCSwiftPackageProductDependency;
			package = 819A03432B6E65C70019E9DC /* XCRemoteSwiftPackageReference "firebase-ios-sdk" */;
			productName = FirebaseAnalyticsWithoutAdIdSupport;
		};
		819A034C2B6E65C70019E9DC /* FirebaseAppCheck */ = {
			isa = XCSwiftPackageProductDependency;
			package = 819A03432B6E65C70019E9DC /* XCRemoteSwiftPackageReference "firebase-ios-sdk" */;
			productName = FirebaseAppCheck;
		};
		819A034E2B6E65C70019E9DC /* FirebaseAppDistribution-Beta */ = {
			isa = XCSwiftPackageProductDependency;
			package = 819A03432B6E65C70019E9DC /* XCRemoteSwiftPackageReference "firebase-ios-sdk" */;
			productName = "FirebaseAppDistribution-Beta";
		};
		819A03502B6E65C70019E9DC /* FirebaseAuth */ = {
			isa = XCSwiftPackageProductDependency;
			package = 819A03432B6E65C70019E9DC /* XCRemoteSwiftPackageReference "firebase-ios-sdk" */;
			productName = FirebaseAuth;
		};
		819A03522B6E65C70019E9DC /* FirebaseAuthCombine-Community */ = {
			isa = XCSwiftPackageProductDependency;
			package = 819A03432B6E65C70019E9DC /* XCRemoteSwiftPackageReference "firebase-ios-sdk" */;
			productName = "FirebaseAuthCombine-Community";
		};
		819A03542B6E65C70019E9DC /* FirebaseCrashlytics */ = {
			isa = XCSwiftPackageProductDependency;
			package = 819A03432B6E65C70019E9DC /* XCRemoteSwiftPackageReference "firebase-ios-sdk" */;
			productName = FirebaseCrashlytics;
		};
		819A03562B6E65C70019E9DC /* FirebaseDatabase */ = {
			isa = XCSwiftPackageProductDependency;
			package = 819A03432B6E65C70019E9DC /* XCRemoteSwiftPackageReference "firebase-ios-sdk" */;
			productName = FirebaseDatabase;
		};
		819A03582B6E65C70019E9DC /* FirebaseDatabaseSwift */ = {
			isa = XCSwiftPackageProductDependency;
			package = 819A03432B6E65C70019E9DC /* XCRemoteSwiftPackageReference "firebase-ios-sdk" */;
			productName = FirebaseDatabaseSwift;
		};
		819A035A2B6E65C70019E9DC /* FirebaseDynamicLinks */ = {
			isa = XCSwiftPackageProductDependency;
			package = 819A03432B6E65C70019E9DC /* XCRemoteSwiftPackageReference "firebase-ios-sdk" */;
			productName = FirebaseDynamicLinks;
		};
		819A035C2B6E65C70019E9DC /* FirebaseFirestore */ = {
			isa = XCSwiftPackageProductDependency;
			package = 819A03432B6E65C70019E9DC /* XCRemoteSwiftPackageReference "firebase-ios-sdk" */;
			productName = FirebaseFirestore;
		};
		819A035E2B6E65C70019E9DC /* FirebaseFirestoreCombine-Community */ = {
			isa = XCSwiftPackageProductDependency;
			package = 819A03432B6E65C70019E9DC /* XCRemoteSwiftPackageReference "firebase-ios-sdk" */;
			productName = "FirebaseFirestoreCombine-Community";
		};
		819A03602B6E65C70019E9DC /* FirebaseFirestoreSwift */ = {
			isa = XCSwiftPackageProductDependency;
			package = 819A03432B6E65C70019E9DC /* XCRemoteSwiftPackageReference "firebase-ios-sdk" */;
			productName = FirebaseFirestoreSwift;
		};
		819A03622B6E65C70019E9DC /* FirebaseFunctions */ = {
			isa = XCSwiftPackageProductDependency;
			package = 819A03432B6E65C70019E9DC /* XCRemoteSwiftPackageReference "firebase-ios-sdk" */;
			productName = FirebaseFunctions;
		};
		819A03642B6E65C70019E9DC /* FirebaseFunctionsCombine-Community */ = {
			isa = XCSwiftPackageProductDependency;
			package = 819A03432B6E65C70019E9DC /* XCRemoteSwiftPackageReference "firebase-ios-sdk" */;
			productName = "FirebaseFunctionsCombine-Community";
		};
		819A03662B6E65C70019E9DC /* FirebaseInAppMessaging-Beta */ = {
			isa = XCSwiftPackageProductDependency;
			package = 819A03432B6E65C70019E9DC /* XCRemoteSwiftPackageReference "firebase-ios-sdk" */;
			productName = "FirebaseInAppMessaging-Beta";
		};
		819A03682B6E65C70019E9DC /* FirebaseInAppMessagingSwift-Beta */ = {
			isa = XCSwiftPackageProductDependency;
			package = 819A03432B6E65C70019E9DC /* XCRemoteSwiftPackageReference "firebase-ios-sdk" */;
			productName = "FirebaseInAppMessagingSwift-Beta";
		};
		819A036A2B6E65C70019E9DC /* FirebaseInstallations */ = {
			isa = XCSwiftPackageProductDependency;
			package = 819A03432B6E65C70019E9DC /* XCRemoteSwiftPackageReference "firebase-ios-sdk" */;
			productName = FirebaseInstallations;
		};
		819A036C2B6E65C70019E9DC /* FirebaseMLModelDownloader */ = {
			isa = XCSwiftPackageProductDependency;
			package = 819A03432B6E65C70019E9DC /* XCRemoteSwiftPackageReference "firebase-ios-sdk" */;
			productName = FirebaseMLModelDownloader;
		};
		819A036E2B6E65C70019E9DC /* FirebaseMessaging */ = {
			isa = XCSwiftPackageProductDependency;
			package = 819A03432B6E65C70019E9DC /* XCRemoteSwiftPackageReference "firebase-ios-sdk" */;
			productName = FirebaseMessaging;
		};
		819A03702B6E65C70019E9DC /* FirebasePerformance */ = {
			isa = XCSwiftPackageProductDependency;
			package = 819A03432B6E65C70019E9DC /* XCRemoteSwiftPackageReference "firebase-ios-sdk" */;
			productName = FirebasePerformance;
		};
		819A03722B6E65C70019E9DC /* FirebaseRemoteConfig */ = {
			isa = XCSwiftPackageProductDependency;
			package = 819A03432B6E65C70019E9DC /* XCRemoteSwiftPackageReference "firebase-ios-sdk" */;
			productName = FirebaseRemoteConfig;
		};
		819A03742B6E65C70019E9DC /* FirebaseRemoteConfigSwift */ = {
			isa = XCSwiftPackageProductDependency;
			package = 819A03432B6E65C70019E9DC /* XCRemoteSwiftPackageReference "firebase-ios-sdk" */;
			productName = FirebaseRemoteConfigSwift;
		};
		819A03762B6E65C70019E9DC /* FirebaseStorage */ = {
			isa = XCSwiftPackageProductDependency;
			package = 819A03432B6E65C70019E9DC /* XCRemoteSwiftPackageReference "firebase-ios-sdk" */;
			productName = FirebaseStorage;
		};
		819A03782B6E65C70019E9DC /* FirebaseStorageCombine-Community */ = {
			isa = XCSwiftPackageProductDependency;
			package = 819A03432B6E65C70019E9DC /* XCRemoteSwiftPackageReference "firebase-ios-sdk" */;
			productName = "FirebaseStorageCombine-Community";
		};
/* End XCSwiftPackageProductDependency section */
	};
	rootObject = 819A03162B6D88160019E9DC /* Project object */;
}
